
Microsoft Visual Studio Solution File, Format Version 12.00
Project("{2150E333-8FDC-42A3-9474-1A3956D46DE8}") = "src", "src", "{1ABC988B-6F4F-4BB3-87DC-111D428B0728}"
EndProject
Project("{2150E333-8FDC-42A3-9474-1A3956D46DE8}") = "test", "test", "{3E4532AD-98F2-4E69-9D74-206FAE7E40C4}"
EndProject
Project("{FAE04EC0-301F-11D3-BF4B-00C04F79EFBC}") = "BookifyDomain", "src\BookifyDomain\BookifyDomain.csproj", "{4DA886E2-824B-4E78-8E6F-489F399263B0}"
EndProject
Global
	GlobalSection(SolutionConfigurationPlatforms) = preSolution
		Debug|Any CPU = Debug|Any CPU
		Release|Any CPU = Release|Any CPU
	EndGlobalSection
	GlobalSection(NestedProjects) = preSolution
		{4DA886E2-824B-4E78-8E6F-489F399263B0} = {1ABC988B-6F4F-4BB3-87DC-111D428B0728}
	EndGlobalSection
	GlobalSection(ProjectConfigurationPlatforms) = postSolution
		{4DA886E2-824B-4E78-8E6F-489F399263B0}.Debug|Any CPU.ActiveCfg = Debug|Any CPU
		{4DA886E2-824B-4E78-8E6F-489F399263B0}.Debug|Any CPU.Build.0 = Debug|Any CPU
		{4DA886E2-824B-4E78-8E6F-489F399263B0}.Release|Any CPU.ActiveCfg = Release|Any CPU
		{4DA886E2-824B-4E78-8E6F-489F399263B0}.Release|Any CPU.Build.0 = Release|Any CPU
	EndGlobalSection
EndGlobal
